
Microsoft Visual Studio Solution File, Format Version 12.00
# Visual Studio 14
VisualStudioVersion = 14.0.25420.1
MinimumVisualStudioVersion = 10.0.40219.1
Project("{FAE04EC0-301F-11D3-BF4B-00C04F79EFBC}") = "Teht01", "Harj03\Teht01.csproj", "{1279DE18-5050-4801-9B29-170C089106DE}"
EndProject
Project("{FAE04EC0-301F-11D3-BF4B-00C04F79EFBC}") = "Teht02", "Teht02\Teht02.csproj", "{47551F0A-F162-4D1A-B50E-528675C120A3}"
EndProject
Project("{FAE04EC0-301F-11D3-BF4B-00C04F79EFBC}") = "Teht03", "Teht03\Teht03.csproj", "{E7C0416D-72D7-492E-AD10-8B905E65DB08}"
EndProject
Project("{FAE04EC0-301F-11D3-BF4B-00C04F79EFBC}") = "Teht04", "Teh04\Teht04.csproj", "{41D5E39B-CE52-4058-8501-3710B52707C9}"
EndProject
Global
	GlobalSection(SolutionConfigurationPlatforms) = preSolution
		Debug|Any CPU = Debug|Any CPU
		Release|Any CPU = Release|Any CPU
	EndGlobalSection
	GlobalSection(ProjectConfigurationPlatforms) = postSolution
		{1279DE18-5050-4801-9B29-170C089106DE}.Debug|Any CPU.ActiveCfg = Debug|Any CPU
		{1279DE18-5050-4801-9B29-170C089106DE}.Debug|Any CPU.Build.0 = Debug|Any CPU
		{1279DE18-5050-4801-9B29-170C089106DE}.Release|Any CPU.ActiveCfg = Release|Any CPU
		{1279DE18-5050-4801-9B29-170C089106DE}.Release|Any CPU.Build.0 = Release|Any CPU
		{47551F0A-F162-4D1A-B50E-528675C120A3}.Debug|Any CPU.ActiveCfg = Debug|Any CPU
		{47551F0A-F162-4D1A-B50E-528675C120A3}.Debug|Any CPU.Build.0 = Debug|Any CPU
		{47551F0A-F162-4D1A-B50E-528675C120A3}.Release|Any CPU.ActiveCfg = Release|Any CPU
		{47551F0A-F162-4D1A-B50E-528675C120A3}.Release|Any CPU.Build.0 = Release|Any CPU
		{E7C0416D-72D7-492E-AD10-8B905E65DB08}.Debug|Any CPU.ActiveCfg = Debug|Any CPU
		{E7C0416D-72D7-492E-AD10-8B905E65DB08}.Debug|Any CPU.Build.0 = Debug|Any CPU
		{E7C0416D-72D7-492E-AD10-8B905E65DB08}.Release|Any CPU.ActiveCfg = Release|Any CPU
		{E7C0416D-72D7-492E-AD10-8B905E65DB08}.Release|Any CPU.Build.0 = Release|Any CPU
		{41D5E39B-CE52-4058-8501-3710B52707C9}.Debug|Any CPU.ActiveCfg = Debug|Any CPU
		{41D5E39B-CE52-4058-8501-3710B52707C9}.Debug|Any CPU.Build.0 = Debug|Any CPU
		{41D5E39B-CE52-4058-8501-3710B52707C9}.Release|Any CPU.ActiveCfg = Release|Any CPU
		{41D5E39B-CE52-4058-8501-3710B52707C9}.Release|Any CPU.Build.0 = Release|Any CPU
	EndGlobalSection
	GlobalSection(SolutionProperties) = preSolution
		HideSolutionNode = FALSE
	EndGlobalSection
EndGlobal
